case: "replace_lines_block"
case_path: "tests/benchmark/text_edits/replace_lines_block"
instruction: "In app.env replace the DATABASE_URL line with DATABASE_URL=postgresql://localhost/newdb and replace CACHE_TTL with CACHE_TTL=900."
summary:
  total_runs: 1
  pass: 1
  soft_fail: 0
  hard_fail: 0
  pass_rate_percent: 100.0
  soft_fail_rate_percent: 0.0
  hard_fail_rate_percent: 0.0
runs:
  - run: 1
    status: "pass"
    intent_failures: []
    scope_failures: []
    changed_files:
      - "app.env"
    command:
      exit_code: 0
      stdout: ""
      stderr: ""
    files:
      - path: "app.env"
        changed: true
        before: |-
          APP_NAME=mattbot
          DATABASE_URL=postgresql://localhost/olddb
          CACHE_TTL=300
          FEATURE_FLAG=true
        after: |-
          APP_NAME=mattbot
          DATABASE_URL=postgresql://localhost/newdb
          CACHE_TTL=900
          FEATURE_FLAG=true
        diff: |-
          --- before/app.env
          +++ after/app.env
          @@ -1,4 +1,4 @@
           APP_NAME=mattbot
          -DATABASE_URL=postgresql://localhost/olddb
          -CACHE_TTL=300
          +DATABASE_URL=postgresql://localhost/newdb
          +CACHE_TTL=900
           FEATURE_FLAG=true
      - path: "keep.txt"
        changed: false
        before: |-
          unchanged sentinel
        after: |-
          unchanged sentinel
        diff: ""
