case: "remove_lines_block"
case_path: "tests/benchmark/text_edits/remove_lines_block"
instruction: "In config.ini remove the deprecated block between '# BEGIN_DEPRECATED' and '# END_DEPRECATED' inclusive."
summary:
  total_runs: 1
  pass: 1
  soft_fail: 0
  hard_fail: 0
  pass_rate_percent: 100.0
  soft_fail_rate_percent: 0.0
  hard_fail_rate_percent: 0.0
runs:
  - run: 1
    status: "pass"
    intent_failures: []
    scope_failures: []
    changed_files:
      - "config.ini"
    command:
      exit_code: 0
      stdout: ""
      stderr: ""
    files:
      - path: "README.txt"
        changed: false
        before: |-
          This file should remain unchanged.
        after: |-
          This file should remain unchanged.
        diff: ""
      - path: "config.ini"
        changed: true
        before: |-
          [core]
          enabled=true
          
          # BEGIN_DEPRECATED
          legacy_mode=true
          legacy_timeout=30
          # END_DEPRECATED
          
          [network]
          host=localhost
        after: |-
          [core]
          enabled=true
          
          [network]
          host=localhost
        diff: |-
          --- before/config.ini
          +++ after/config.ini
          @@ -1,10 +1,5 @@
           [core]
           enabled=true
           
          -# BEGIN_DEPRECATED
          -legacy_mode=true
          -legacy_timeout=30
          -# END_DEPRECATED
          -
           [network]
           host=localhost
